{
  "originHash" : "b9eac05a151fcf1964e1978848c34f2e30c3efab193defc598efac503ed9bd7b",
  "pins" : [
    {
      "identity" : "runtime",
      "kind" : "remoteSourceControl",
      "location" : "https://github.com/twolivesleft/Runtime.git",
      "state" : {
        "revision" : "4626c8d59703a8462f1efc3cb63095be90075c8d",
        "version" : "3.13.5"
      }
    }
  ],
  "version" : 3
}
